
Microsoft Visual Studio Solution File, Format Version 12.00
# Visual Studio Version 16
VisualStudioVersion = 16.0.30011.22
MinimumVisualStudioVersion = 10.0.40219.1
Project("{FAE04EC0-301F-11D3-BF4B-00C04F79EFBC}") = "Fizz Buzz", "Fizz Buzz\Fizz Buzz.csproj", "{BB0FAEA1-D7CE-4182-B834-83B7D7A1B55B}"
EndProject
Global
	GlobalSection(SolutionConfigurationPlatforms) = preSolution
		Debug|Any CPU = Debug|Any CPU
		Release|Any CPU = Release|Any CPU
	EndGlobalSection
	GlobalSection(ProjectConfigurationPlatforms) = postSolution
		{BB0FAEA1-D7CE-4182-B834-83B7D7A1B55B}.Debug|Any CPU.ActiveCfg = Debug|Any CPU
		{BB0FAEA1-D7CE-4182-B834-83B7D7A1B55B}.Debug|Any CPU.Build.0 = Debug|Any CPU
		{BB0FAEA1-D7CE-4182-B834-83B7D7A1B55B}.Release|Any CPU.ActiveCfg = Release|Any CPU
		{BB0FAEA1-D7CE-4182-B834-83B7D7A1B55B}.Release|Any CPU.Build.0 = Release|Any CPU
	EndGlobalSection
	GlobalSection(SolutionProperties) = preSolution
		HideSolutionNode = FALSE
	EndGlobalSection
	GlobalSection(ExtensibilityGlobals) = postSolution
		SolutionGuid = {4A2C3159-B8D5-4943-8227-9EAA79B5529A}
	EndGlobalSection
EndGlobal
